
Microsoft Visual Studio Solution File, Format Version 12.00
# Visual Studio 15
VisualStudioVersion = 15.0.28307.329
MinimumVisualStudioVersion = 10.0.40219.1
Project("{FAE04EC0-301F-11D3-BF4B-00C04F79EFBC}") = "MonoGame.Forms Windows Project", "MonoGame.Forms Windows Project\MonoGame.Forms Windows Project.csproj", "{4A235AB1-8098-4D37-AF6C-D2B5E70448E2}"
EndProject
Project("{FAE04EC0-301F-11D3-BF4B-00C04F79EFBC}") = "MonoGame.Forms Cross Platform Desktop Project", "MonoGame.Forms Cross Platform Desktop Project\MonoGame.Forms Cross Platform Desktop Project.csproj", "{7EA2BBFA-9A71-4680-A7BE-63415F0B1DC5}"
EndProject
Global
	GlobalSection(SolutionConfigurationPlatforms) = preSolution
		Debug|Any CPU = Debug|Any CPU
		Release|Any CPU = Release|Any CPU
	EndGlobalSection
	GlobalSection(ProjectConfigurationPlatforms) = postSolution
		{4A235AB1-8098-4D37-AF6C-D2B5E70448E2}.Debug|Any CPU.ActiveCfg = Debug|Any CPU
		{4A235AB1-8098-4D37-AF6C-D2B5E70448E2}.Debug|Any CPU.Build.0 = Debug|Any CPU
		{4A235AB1-8098-4D37-AF6C-D2B5E70448E2}.Release|Any CPU.ActiveCfg = Release|Any CPU
		{4A235AB1-8098-4D37-AF6C-D2B5E70448E2}.Release|Any CPU.Build.0 = Release|Any CPU
		{7EA2BBFA-9A71-4680-A7BE-63415F0B1DC5}.Debug|Any CPU.ActiveCfg = Debug|Any CPU
		{7EA2BBFA-9A71-4680-A7BE-63415F0B1DC5}.Debug|Any CPU.Build.0 = Debug|Any CPU
		{7EA2BBFA-9A71-4680-A7BE-63415F0B1DC5}.Release|Any CPU.ActiveCfg = Release|Any CPU
		{7EA2BBFA-9A71-4680-A7BE-63415F0B1DC5}.Release|Any CPU.Build.0 = Release|Any CPU
	EndGlobalSection
	GlobalSection(SolutionProperties) = preSolution
		HideSolutionNode = FALSE
	EndGlobalSection
	GlobalSection(ExtensibilityGlobals) = postSolution
		SolutionGuid = {A7A622A0-FF16-4494-B1DA-FD61A9F52C18}
	EndGlobalSection
EndGlobal
